
Microsoft Visual Studio Solution File, Format Version 12.00
# Visual Studio 15
VisualStudioVersion = 15.0.28010.2036
MinimumVisualStudioVersion = 10.0.40219.1
Project("{FAE04EC0-301F-11D3-BF4B-00C04F79EFBC}") = "CS_Hello_World", "CS_Hello_World\CS_Hello_World.csproj", "{78395641-F495-42D3-9DFB-16BFEC76ADA9}"
EndProject
Global
	GlobalSection(SolutionConfigurationPlatforms) = preSolution
		Debug|Any CPU = Debug|Any CPU
		Release|Any CPU = Release|Any CPU
	EndGlobalSection
	GlobalSection(ProjectConfigurationPlatforms) = postSolution
		{78395641-F495-42D3-9DFB-16BFEC76ADA9}.Debug|Any CPU.ActiveCfg = Debug|Any CPU
		{78395641-F495-42D3-9DFB-16BFEC76ADA9}.Debug|Any CPU.Build.0 = Debug|Any CPU
		{78395641-F495-42D3-9DFB-16BFEC76ADA9}.Release|Any CPU.ActiveCfg = Release|Any CPU
		{78395641-F495-42D3-9DFB-16BFEC76ADA9}.Release|Any CPU.Build.0 = Release|Any CPU
	EndGlobalSection
	GlobalSection(SolutionProperties) = preSolution
		HideSolutionNode = FALSE
	EndGlobalSection
	GlobalSection(ExtensibilityGlobals) = postSolution
		SolutionGuid = {354F1191-6F2B-4805-97FE-D21B8FD731C8}
	EndGlobalSection
EndGlobal
